
Microsoft Visual Studio Solution File, Format Version 12.00
# Visual Studio Version 17
VisualStudioVersion = 17.2.32516.85
MinimumVisualStudioVersion = 10.0.40219.1
Project("{FAE04EC0-301F-11D3-BF4B-00C04F79EFBC}") = "Stacy.Core", "Stacy.Core\Stacy.Core.csproj", "{5488781C-CEC1-417D-BDAB-7FB9E2422E2D}"
EndProject
Global
	GlobalSection(SolutionConfigurationPlatforms) = preSolution
		Debug|Any CPU = Debug|Any CPU
		Release|Any CPU = Release|Any CPU
	EndGlobalSection
	GlobalSection(ProjectConfigurationPlatforms) = postSolution
		{5488781C-CEC1-417D-BDAB-7FB9E2422E2D}.Debug|Any CPU.ActiveCfg = Debug|Any CPU
		{5488781C-CEC1-417D-BDAB-7FB9E2422E2D}.Debug|Any CPU.Build.0 = Debug|Any CPU
		{5488781C-CEC1-417D-BDAB-7FB9E2422E2D}.Release|Any CPU.ActiveCfg = Release|Any CPU
		{5488781C-CEC1-417D-BDAB-7FB9E2422E2D}.Release|Any CPU.Build.0 = Release|Any CPU
	EndGlobalSection
	GlobalSection(SolutionProperties) = preSolution
		HideSolutionNode = FALSE
	EndGlobalSection
	GlobalSection(ExtensibilityGlobals) = postSolution
		SolutionGuid = {283EBD5D-40AA-4078-8F4E-46D9FCBD6043}
	EndGlobalSection
EndGlobal
